
Microsoft Visual Studio Solution File, Format Version 12.00
# Visual Studio Version 16
VisualStudioVersion = 16.0.30320.27
MinimumVisualStudioVersion = 10.0.40219.1
Project("{9A19103F-16F7-4668-BE54-9A1E7A4F7556}") = "BlazingPizza.Server", "BlazingPizza\Server\BlazingPizza.Server.csproj", "{2F0DF283-4740-415C-9D55-ED25A06F5DB6}"
EndProject
Project("{9A19103F-16F7-4668-BE54-9A1E7A4F7556}") = "BlazingPizza.Client", "BlazingPizza\Client\BlazingPizza.Client.csproj", "{796C6458-711B-427C-8B15-78A2E8F5B825}"
EndProject
Project("{9A19103F-16F7-4668-BE54-9A1E7A4F7556}") = "BlazingPizza.Shared", "BlazingPizza\Shared\BlazingPizza.Shared.csproj", "{19EBE830-B5C3-4794-AD66-EBC60F619B00}"
EndProject
Project("{FAE04EC0-301F-11D3-BF4B-00C04F79EFBC}") = "BlazingPizza.ComponentsLibrary", "BlazingPizza.ComponentsLibrary\BlazingPizza.ComponentsLibrary.csproj", "{961D1771-3831-4A7D-B289-E6165782174A}"
EndProject
Global
	GlobalSection(SolutionConfigurationPlatforms) = preSolution
		Debug|Any CPU = Debug|Any CPU
		Release|Any CPU = Release|Any CPU
	EndGlobalSection
	GlobalSection(ProjectConfigurationPlatforms) = postSolution
		{2F0DF283-4740-415C-9D55-ED25A06F5DB6}.Debug|Any CPU.ActiveCfg = Debug|Any CPU
		{2F0DF283-4740-415C-9D55-ED25A06F5DB6}.Debug|Any CPU.Build.0 = Debug|Any CPU
		{2F0DF283-4740-415C-9D55-ED25A06F5DB6}.Release|Any CPU.ActiveCfg = Release|Any CPU
		{2F0DF283-4740-415C-9D55-ED25A06F5DB6}.Release|Any CPU.Build.0 = Release|Any CPU
		{796C6458-711B-427C-8B15-78A2E8F5B825}.Debug|Any CPU.ActiveCfg = Debug|Any CPU
		{796C6458-711B-427C-8B15-78A2E8F5B825}.Debug|Any CPU.Build.0 = Debug|Any CPU
		{796C6458-711B-427C-8B15-78A2E8F5B825}.Release|Any CPU.ActiveCfg = Release|Any CPU
		{796C6458-711B-427C-8B15-78A2E8F5B825}.Release|Any CPU.Build.0 = Release|Any CPU
		{19EBE830-B5C3-4794-AD66-EBC60F619B00}.Debug|Any CPU.ActiveCfg = Debug|Any CPU
		{19EBE830-B5C3-4794-AD66-EBC60F619B00}.Debug|Any CPU.Build.0 = Debug|Any CPU
		{19EBE830-B5C3-4794-AD66-EBC60F619B00}.Release|Any CPU.ActiveCfg = Release|Any CPU
		{19EBE830-B5C3-4794-AD66-EBC60F619B00}.Release|Any CPU.Build.0 = Release|Any CPU
		{961D1771-3831-4A7D-B289-E6165782174A}.Debug|Any CPU.ActiveCfg = Debug|Any CPU
		{961D1771-3831-4A7D-B289-E6165782174A}.Debug|Any CPU.Build.0 = Debug|Any CPU
		{961D1771-3831-4A7D-B289-E6165782174A}.Release|Any CPU.ActiveCfg = Release|Any CPU
		{961D1771-3831-4A7D-B289-E6165782174A}.Release|Any CPU.Build.0 = Release|Any CPU
	EndGlobalSection
	GlobalSection(SolutionProperties) = preSolution
		HideSolutionNode = FALSE
	EndGlobalSection
	GlobalSection(ExtensibilityGlobals) = postSolution
		SolutionGuid = {BD351CDE-628D-4D07-9714-2913444242D4}
	EndGlobalSection
EndGlobal
